// !$*UTF8*$!
{
	archiveVersion = 1;
	classes = {
	};
	objectVersion = 46;
	objects = {

/* Begin PBXBuildFile section */
		C10C578F1BE8C17E003A3CF2 /* AppDelegate.swift in Sources */ = {isa = PBXBuildFile; fileRef = C10C578E1BE8C17E003A3CF2 /* AppDelegate.swift */; };
		C10C57911BE8C17E003A3CF2 /* ViewController.swift in Sources */ = {isa = PBXBuildFile; fileRef = C10C57901BE8C17E003A3CF2 /* ViewController.swift */; };
		C10C57941BE8C17E003A3CF2 /* Main.storyboard in Resources */ = {isa = PBXBuildFile; fileRef = C10C57921BE8C17E003A3CF2 /* Main.storyboard */; };
		C10C57961BE8C17E003A3CF2 /* Assets.xcassets in Resources */ = {isa = PBXBuildFile; fileRef = C10C57951BE8C17E003A3CF2 /* Assets.xcassets */; };
		C10C57991BE8C17E003A3CF2 /* LaunchScreen.storyboard in Resources */ = {isa = PBXBuildFile; fileRef = C10C57971BE8C17E003A3CF2 /* LaunchScreen.storyboard */; };
		C10C57A41BE8C17E003A3CF2 /* ADPPhotoPickerTests.swift in Sources */ = {isa = PBXBuildFile; fileRef = C10C57A31BE8C17E003A3CF2 /* ADPPhotoPickerTests.swift */; };
		C10C57AF1BE8C17E003A3CF2 /* ADPPhotoPickerUITests.swift in Sources */ = {isa = PBXBuildFile; fileRef = C10C57AE1BE8C17E003A3CF2 /* ADPPhotoPickerUITests.swift */; };
		C10C57BF1BE8CCF8003A3CF2 /* ADPPhotoPicker.swift in Sources */ = {isa = PBXBuildFile; fileRef = C10C57BE1BE8CCF8003A3CF2 /* ADPPhotoPicker.swift */; settings = {ASSET_TAGS = (); }; };
		C10C58031BE8ECF3003A3CF2 /* ADPPhotoCell.swift in Sources */ = {isa = PBXBuildFile; fileRef = C10C58021BE8ECF3003A3CF2 /* ADPPhotoCell.swift */; settings = {ASSET_TAGS = (); }; };
		C10C58051BEA0DE6003A3CF2 /* ADPPhotoPickerView.xib in Resources */ = {isa = PBXBuildFile; fileRef = C10C58041BEA0DE6003A3CF2 /* ADPPhotoPickerView.xib */; settings = {ASSET_TAGS = (); }; };
		C10C58071BEA3BDC003A3CF2 /* ADPPhotoCell.xib in Resources */ = {isa = PBXBuildFile; fileRef = C10C58061BEA3BDC003A3CF2 /* ADPPhotoCell.xib */; settings = {ASSET_TAGS = (); }; };
/* End PBXBuildFile section */

/* Begin PBXContainerItemProxy section */
		C10C57A01BE8C17E003A3CF2 /* PBXContainerItemProxy */ = {
			isa = PBXContainerItemProxy;
			containerPortal = C10C57831BE8C17E003A3CF2 /* Project object */;
			proxyType = 1;
			remoteGlobalIDString = C10C578A1BE8C17E003A3CF2;
			remoteInfo = ADPPhotoPicker;
		};
		C10C57AB1BE8C17E003A3CF2 /* PBXContainerItemProxy */ = {
			isa = PBXContainerItemProxy;
			containerPortal = C10C57831BE8C17E003A3CF2 /* Project object */;
			proxyType = 1;
			remoteGlobalIDString = C10C578A1BE8C17E003A3CF2;
			remoteInfo = ADPPhotoPicker;
		};
/* End PBXContainerItemProxy section */

/* Begin PBXFileReference section */
		C10C578B1BE8C17E003A3CF2 /* ADPPhotoPicker.app */ = {isa = PBXFileReference; explicitFileType = wrapper.application; includeInIndex = 0; path = ADPPhotoPicker.app; sourceTree = BUILT_PRODUCTS_DIR; };
		C10C578E1BE8C17E003A3CF2 /* AppDelegate.swift */ = {isa = PBXFileReference; lastKnownFileType = sourcecode.swift; path = AppDelegate.swift; sourceTree = "<group>"; };
		C10C57901BE8C17E003A3CF2 /* ViewController.swift */ = {isa = PBXFileReference; lastKnownFileType = sourcecode.swift; path = ViewController.swift; sourceTree = "<group>"; };
		C10C57931BE8C17E003A3CF2 /* Base */ = {isa = PBXFileReference; lastKnownFileType = file.storyboard; name = Base; path = Base.lproj/Main.storyboard; sourceTree = "<group>"; };
		C10C57951BE8C17E003A3CF2 /* Assets.xcassets */ = {isa = PBXFileReference; lastKnownFileType = folder.assetcatalog; path = Assets.xcassets; sourceTree = "<group>"; };
		C10C57981BE8C17E003A3CF2 /* Base */ = {isa = PBXFileReference; lastKnownFileType = file.storyboard; name = Base; path = Base.lproj/LaunchScreen.storyboard; sourceTree = "<group>"; };
		C10C579A1BE8C17E003A3CF2 /* Info.plist */ = {isa = PBXFileReference; lastKnownFileType = text.plist.xml; path = Info.plist; sourceTree = "<group>"; };
		C10C579F1BE8C17E003A3CF2 /* ADPPhotoPickerTests.xctest */ = {isa = PBXFileReference; explicitFileType = wrapper.cfbundle; includeInIndex = 0; path = ADPPhotoPickerTests.xctest; sourceTree = BUILT_PRODUCTS_DIR; };
		C10C57A31BE8C17E003A3CF2 /* ADPPhotoPickerTests.swift */ = {isa = PBXFileReference; lastKnownFileType = sourcecode.swift; path = ADPPhotoPickerTests.swift; sourceTree = "<group>"; };
		C10C57A51BE8C17E003A3CF2 /* Info.plist */ = {isa = PBXFileReference; lastKnownFileType = text.plist.xml; path = Info.plist; sourceTree = "<group>"; };
		C10C57AA1BE8C17E003A3CF2 /* ADPPhotoPickerUITests.xctest */ = {isa = PBXFileReference; explicitFileType = wrapper.cfbundle; includeInIndex = 0; path = ADPPhotoPickerUITests.xctest; sourceTree = BUILT_PRODUCTS_DIR; };
		C10C57AE1BE8C17E003A3CF2 /* ADPPhotoPickerUITests.swift */ = {isa = PBXFileReference; lastKnownFileType = sourcecode.swift; path = ADPPhotoPickerUITests.swift; sourceTree = "<group>"; };
		C10C57B01BE8C17E003A3CF2 /* Info.plist */ = {isa = PBXFileReference; lastKnownFileType = text.plist.xml; path = Info.plist; sourceTree = "<group>"; };
		C10C57BE1BE8CCF8003A3CF2 /* ADPPhotoPicker.swift */ = {isa = PBXFileReference; fileEncoding = 4; lastKnownFileType = sourcecode.swift; path = ADPPhotoPicker.swift; sourceTree = "<group>"; };
		C10C58021BE8ECF3003A3CF2 /* ADPPhotoCell.swift */ = {isa = PBXFileReference; fileEncoding = 4; lastKnownFileType = sourcecode.swift; path = ADPPhotoCell.swift; sourceTree = "<group>"; };
		C10C58041BEA0DE6003A3CF2 /* ADPPhotoPickerView.xib */ = {isa = PBXFileReference; fileEncoding = 4; lastKnownFileType = file.xib; path = ADPPhotoPickerView.xib; sourceTree = "<group>"; };
		C10C58061BEA3BDC003A3CF2 /* ADPPhotoCell.xib */ = {isa = PBXFileReference; fileEncoding = 4; lastKnownFileType = file.xib; path = ADPPhotoCell.xib; sourceTree = "<group>"; };
/* End PBXFileReference section */

/* Begin PBXFrameworksBuildPhase section */
		C10C57881BE8C17E003A3CF2 /* Frameworks */ = {
			isa = PBXFrameworksBuildPhase;
			buildActionMask = 2147483647;
			files = (
			);
			runOnlyForDeploymentPostprocessing = 0;
		};
		C10C579C1BE8C17E003A3CF2 /* Frameworks */ = {
			isa = PBXFrameworksBuildPhase;
			buildActionMask = 2147483647;
			files = (
			);
			runOnlyForDeploymentPostprocessing = 0;
		};
		C10C57A71BE8C17E003A3CF2 /* Frameworks */ = {
			isa = PBXFrameworksBuildPhase;
			buildActionMask = 2147483647;
			files = (
			);
			runOnlyForDeploymentPostprocessing = 0;
		};
/* End PBXFrameworksBuildPhase section */

/* Begin PBXGroup section */
		C10C57821BE8C17E003A3CF2 = {
			isa = PBXGroup;
			children = (
				C10C578D1BE8C17E003A3CF2 /* ADPPhotoPicker */,
				C10C57A21BE8C17E003A3CF2 /* ADPPhotoPickerTests */,
				C10C57AD1BE8C17E003A3CF2 /* ADPPhotoPickerUITests */,
				C10C578C1BE8C17E003A3CF2 /* Products */,
			);
			sourceTree = "<group>";
		};
		C10C578C1BE8C17E003A3CF2 /* Products */ = {
			isa = PBXGroup;
			children = (
				C10C578B1BE8C17E003A3CF2 /* ADPPhotoPicker.app */,
				C10C579F1BE8C17E003A3CF2 /* ADPPhotoPickerTests.xctest */,
				C10C57AA1BE8C17E003A3CF2 /* ADPPhotoPickerUITests.xctest */,
			);
			name = Products;
			sourceTree = "<group>";
		};
		C10C578D1BE8C17E003A3CF2 /* ADPPhotoPicker */ = {
			isa = PBXGroup;
			children = (
				C10C578E1BE8C17E003A3CF2 /* AppDelegate.swift */,
				C10C57901BE8C17E003A3CF2 /* ViewController.swift */,
				C10C57921BE8C17E003A3CF2 /* Main.storyboard */,
				C10C57951BE8C17E003A3CF2 /* Assets.xcassets */,
				C10C57971BE8C17E003A3CF2 /* LaunchScreen.storyboard */,
				C10C579A1BE8C17E003A3CF2 /* Info.plist */,
				C10C57BE1BE8CCF8003A3CF2 /* ADPPhotoPicker.swift */,
				C10C58021BE8ECF3003A3CF2 /* ADPPhotoCell.swift */,
				C10C58041BEA0DE6003A3CF2 /* ADPPhotoPickerView.xib */,
				C10C58061BEA3BDC003A3CF2 /* ADPPhotoCell.xib */,
			);
			path = ADPPhotoPicker;
			sourceTree = "<group>";
		};
		C10C57A21BE8C17E003A3CF2 /* ADPPhotoPickerTests */ = {
			isa = PBXGroup;
			children = (
				C10C57A31BE8C17E003A3CF2 /* ADPPhotoPickerTests.swift */,
				C10C57A51BE8C17E003A3CF2 /* Info.plist */,
			);
			path = ADPPhotoPickerTests;
			sourceTree = "<group>";
		};
		C10C57AD1BE8C17E003A3CF2 /* ADPPhotoPickerUITests */ = {
			isa = PBXGroup;
			children = (
				C10C57AE1BE8C17E003A3CF2 /* ADPPhotoPickerUITests.swift */,
				C10C57B01BE8C17E003A3CF2 /* Info.plist */,
			);
			path = ADPPhotoPickerUITests;
			sourceTree = "<group>";
		};
/* End PBXGroup section */

/* Begin PBXNativeTarget section */
		C10C578A1BE8C17E003A3CF2 /* ADPPhotoPicker */ = {
			isa = PBXNativeTarget;
			buildConfigurationList = C10C57B31BE8C17E003A3CF2 /* Build configuration list for PBXNativeTarget "ADPPhotoPicker" */;
			buildPhases = (
				C10C57871BE8C17E003A3CF2 /* Sources */,
				C10C57881BE8C17E003A3CF2 /* Frameworks */,
				C10C57891BE8C17E003A3CF2 /* Resources */,
			);
			buildRules = (
			);
			dependencies = (
			);
			name = ADPPhotoPicker;
			productName = ADPPhotoPicker;
			productReference = C10C578B1BE8C17E003A3CF2 /* ADPPhotoPicker.app */;
			productType = "com.apple.product-type.application";
		};
		C10C579E1BE8C17E003A3CF2 /* ADPPhotoPickerTests */ = {
			isa = PBXNativeTarget;
			buildConfigurationList = C10C57B61BE8C17E003A3CF2 /* Build configuration list for PBXNativeTarget "ADPPhotoPickerTests" */;
			buildPhases = (
				C10C579B1BE8C17E003A3CF2 /* Sources */,
				C10C579C1BE8C17E003A3CF2 /* Frameworks */,
				C10C579D1BE8C17E003A3CF2 /* Resources */,
			);
			buildRules = (
			);
			dependencies = (
				C10C57A11BE8C17E003A3CF2 /* PBXTargetDependency */,
			);
			name = ADPPhotoPickerTests;
			productName = ADPPhotoPickerTests;
			productReference = C10C579F1BE8C17E003A3CF2 /* ADPPhotoPickerTests.xctest */;
			productType = "com.apple.product-type.bundle.unit-test";
		};
		C10C57A91BE8C17E003A3CF2 /* ADPPhotoPickerUITests */ = {
			isa = PBXNativeTarget;
			buildConfigurationList = C10C57B91BE8C17E003A3CF2 /* Build configuration list for PBXNativeTarget "ADPPhotoPickerUITests" */;
			buildPhases = (
				C10C57A61BE8C17E003A3CF2 /* Sources */,
				C10C57A71BE8C17E003A3CF2 /* Frameworks */,
				C10C57A81BE8C17E003A3CF2 /* Resources */,
			);
			buildRules = (
			);
			dependencies = (
				C10C57AC1BE8C17E003A3CF2 /* PBXTargetDependency */,
			);
			name = ADPPhotoPickerUITests;
			productName = ADPPhotoPickerUITests;
			productReference = C10C57AA1BE8C17E003A3CF2 /* ADPPhotoPickerUITests.xctest */;
			productType = "com.apple.product-type.bundle.ui-testing";
		};
/* End PBXNativeTarget section */

/* Begin PBXProject section */
		C10C57831BE8C17E003A3CF2 /* Project object */ = {
			isa = PBXProject;
			attributes = {
				LastUpgradeCheck = 0700;
				ORGANIZATIONNAME = "Appus LLC";
				TargetAttributes = {
					C10C578A1BE8C17E003A3CF2 = {
						CreatedOnToolsVersion = 7.0.1;
					};
					C10C579E1BE8C17E003A3CF2 = {
						CreatedOnToolsVersion = 7.0.1;
						TestTargetID = C10C578A1BE8C17E003A3CF2;
					};
					C10C57A91BE8C17E003A3CF2 = {
						CreatedOnToolsVersion = 7.0.1;
						TestTargetID = C10C578A1BE8C17E003A3CF2;
					};
				};
			};
			buildConfigurationList = C10C57861BE8C17E003A3CF2 /* Build configuration list for PBXProject "ADPPhotoPicker" */;
			compatibilityVersion = "Xcode 3.2";
			developmentRegion = English;
			hasScannedForEncodings = 0;
			knownRegions = (
				en,
				Base,
			);
			mainGroup = C10C57821BE8C17E003A3CF2;
			productRefGroup = C10C578C1BE8C17E003A3CF2 /* Products */;
			projectDirPath = "";
			projectRoot = "";
			targets = (
				C10C578A1BE8C17E003A3CF2 /* ADPPhotoPicker */,
				C10C579E1BE8C17E003A3CF2 /* ADPPhotoPickerTests */,
				C10C57A91BE8C17E003A3CF2 /* ADPPhotoPickerUITests */,
			);
		};
/* End PBXProject section */

/* Begin PBXResourcesBuildPhase section */
		C10C57891BE8C17E003A3CF2 /* Resources */ = {
			isa = PBXResourcesBuildPhase;
			buildActionMask = 2147483647;
			files = (
				C10C57991BE8C17E003A3CF2 /* LaunchScreen.storyboard in Resources */,
				C10C57961BE8C17E003A3CF2 /* Assets.xcassets in Resources */,
				C10C57941BE8C17E003A3CF2 /* Main.storyboard in Resources */,
				C10C58051BEA0DE6003A3CF2 /* ADPPhotoPickerView.xib in Resources */,
				C10C58071BEA3BDC003A3CF2 /* ADPPhotoCell.xib in Resources */,
			);
			runOnlyForDeploymentPostprocessing = 0;
		};
		C10C579D1BE8C17E003A3CF2 /* Resources */ = {
			isa = PBXResourcesBuildPhase;
			buildActionMask = 2147483647;
			files = (
			);
			runOnlyForDeploymentPostprocessing = 0;
		};
		C10C57A81BE8C17E003A3CF2 /* Resources */ = {
			isa = PBXResourcesBuildPhase;
			buildActionMask = 2147483647;
			files = (
			);
			runOnlyForDeploymentPostprocessing = 0;
		};
/* End PBXResourcesBuildPhase section */

/* Begin PBXSourcesBuildPhase section */
		C10C57871BE8C17E003A3CF2 /* Sources */ = {
			isa = PBXSourcesBuildPhase;
			buildActionMask = 2147483647;
			files = (
				C10C58031BE8ECF3003A3CF2 /* ADPPhotoCell.swift in Sources */,
				C10C57BF1BE8CCF8003A3CF2 /* ADPPhotoPicker.swift in Sources */,
				C10C57911BE8C17E003A3CF2 /* ViewController.swift in Sources */,
				C10C578F1BE8C17E003A3CF2 /* AppDelegate.swift in Sources */,
			);
			runOnlyForDeploymentPostprocessing = 0;
		};
		C10C579B1BE8C17E003A3CF2 /* Sources */ = {
			isa = PBXSourcesBuildPhase;
			buildActionMask = 2147483647;
			files = (
				C10C57A41BE8C17E003A3CF2 /* ADPPhotoPickerTests.swift in Sources */,
			);
			runOnlyForDeploymentPostprocessing = 0;
		};
		C10C57A61BE8C17E003A3CF2 /* Sources */ = {
			isa = PBXSourcesBuildPhase;
			buildActionMask = 2147483647;
			files = (
				C10C57AF1BE8C17E003A3CF2 /* ADPPhotoPickerUITests.swift in Sources */,
			);
			runOnlyForDeploymentPostprocessing = 0;
		};
/* End PBXSourcesBuildPhase section */

/* Begin PBXTargetDependency section */
		C10C57A11BE8C17E003A3CF2 /* PBXTargetDependency */ = {
			isa = PBXTargetDependency;
			target = C10C578A1BE8C17E003A3CF2 /* ADPPhotoPicker */;
			targetProxy = C10C57A01BE8C17E003A3CF2 /* PBXContainerItemProxy */;
		};
		C10C57AC1BE8C17E003A3CF2 /* PBXTargetDependency */ = {
			isa = PBXTargetDependency;
			target = C10C578A1BE8C17E003A3CF2 /* ADPPhotoPicker */;
			targetProxy = C10C57AB1BE8C17E003A3CF2 /* PBXContainerItemProxy */;
		};
/* End PBXTargetDependency section */

/* Begin PBXVariantGroup section */
		C10C57921BE8C17E003A3CF2 /* Main.storyboard */ = {
			isa = PBXVariantGroup;
			children = (
				C10C57931BE8C17E003A3CF2 /* Base */,
			);
			name = Main.storyboard;
			sourceTree = "<group>";
		};
		C10C57971BE8C17E003A3CF2 /* LaunchScreen.storyboard */ = {
			isa = PBXVariantGroup;
			children = (
				C10C57981BE8C17E003A3CF2 /* Base */,
			);
			name = LaunchScreen.storyboard;
			sourceTree = "<group>";
		};
/* End PBXVariantGroup section */

/* Begin XCBuildConfiguration section */
		C10C57B11BE8C17E003A3CF2 /* Debug */ = {
			isa = XCBuildConfiguration;
			buildSettings = {
				ALWAYS_SEARCH_USER_PATHS = NO;
				CLANG_CXX_LANGUAGE_STANDARD = "gnu++0x";
				CLANG_CXX_LIBRARY = "libc++";
				CLANG_ENABLE_MODULES = YES;
				CLANG_ENABLE_OBJC_ARC = YES;
				CLANG_WARN_BOOL_CONVERSION = YES;
				CLANG_WARN_CONSTANT_CONVERSION = YES;
				CLANG_WARN_DIRECT_OBJC_ISA_USAGE = YES_ERROR;
				CLANG_WARN_EMPTY_BODY = YES;
				CLANG_WARN_ENUM_CONVERSION = YES;
				CLANG_WARN_INT_CONVERSION = YES;
				CLANG_WARN_OBJC_ROOT_CLASS = YES_ERROR;
				CLANG_WARN_UNREACHABLE_CODE = YES;
				CLANG_WARN__DUPLICATE_METHOD_MATCH = YES;
				"CODE_SIGN_IDENTITY[sdk=iphoneos*]" = "iPhone Developer";
				COPY_PHASE_STRIP = NO;
				DEBUG_INFORMATION_FORMAT = dwarf;
				ENABLE_STRICT_OBJC_MSGSEND = YES;
				ENABLE_TESTABILITY = YES;
				GCC_C_LANGUAGE_STANDARD = gnu99;
				GCC_DYNAMIC_NO_PIC = NO;
				GCC_NO_COMMON_BLOCKS = YES;
				GCC_OPTIMIZATION_LEVEL = 0;
				GCC_PREPROCESSOR_DEFINITIONS = (
					"DEBUG=1",
					"$(inherited)",
				);
				GCC_WARN_64_TO_32_BIT_CONVERSION = YES;
				GCC_WARN_ABOUT_RETURN_TYPE = YES_ERROR;
				GCC_WARN_UNDECLARED_SELECTOR = YES;
				GCC_WARN_UNINITIALIZED_AUTOS = YES_AGGRESSIVE;
				GCC_WARN_UNUSED_FUNCTION = YES;
				GCC_WARN_UNUSED_VARIABLE = YES;
				IPHONEOS_DEPLOYMENT_TARGET = 9.0;
				MTL_ENABLE_DEBUG_INFO = YES;
				ONLY_ACTIVE_ARCH = YES;
				SDKROOT = iphoneos;
				SWIFT_OPTIMIZATION_LEVEL = "-Onone";
				TARGETED_DEVICE_FAMILY = "1,2";
			};
			name = Debug;
		};
		C10C57B21BE8C17E003A3CF2 /* Release */ = {
			isa = XCBuildConfiguration;
			buildSettings = {
				ALWAYS_SEARCH_USER_PATHS = NO;
				CLANG_CXX_LANGUAGE_STANDARD = "gnu++0x";
				CLANG_CXX_LIBRARY = "libc++";
				CLANG_ENABLE_MODULES = YES;
				CLANG_ENABLE_OBJC_ARC = YES;
				CLANG_WARN_BOOL_CONVERSION = YES;
				CLANG_WARN_CONSTANT_CONVERSION = YES;
				CLANG_WARN_DIRECT_OBJC_ISA_USAGE = YES_ERROR;
				CLANG_WARN_EMPTY_BODY = YES;
				CLANG_WARN_ENUM_CONVERSION = YES;
				CLANG_WARN_INT_CONVERSION = YES;
				CLANG_WARN_OBJC_ROOT_CLASS = YES_ERROR;
				CLANG_WARN_UNREACHABLE_CODE = YES;
				CLANG_WARN__DUPLICATE_METHOD_MATCH = YES;
				"CODE_SIGN_IDENTITY[sdk=iphoneos*]" = "iPhone Developer";
				COPY_PHASE_STRIP = NO;
				DEBUG_INFORMATION_FORMAT = "dwarf-with-dsym";
				ENABLE_NS_ASSERTIONS = NO;
				ENABLE_STRICT_OBJC_MSGSEND = YES;
				GCC_C_LANGUAGE_STANDARD = gnu99;
				GCC_NO_COMMON_BLOCKS = YES;
				GCC_WARN_64_TO_32_BIT_CONVERSION = YES;
				GCC_WARN_ABOUT_RETURN_TYPE = YES_ERROR;
				GCC_WARN_UNDECLARED_SELECTOR = YES;
				GCC_WARN_UNINITIALIZED_AUTOS = YES_AGGRESSIVE;
				GCC_WARN_UNUSED_FUNCTION = YES;
				GCC_WARN_UNUSED_VARIABLE = YES;
				IPHONEOS_DEPLOYMENT_TARGET = 9.0;
				MTL_ENABLE_DEBUG_INFO = NO;
				SDKROOT = iphoneos;
				TARGETED_DEVICE_FAMILY = "1,2";
				VALIDATE_PRODUCT = YES;
			};
			name = Release;
		};
		C10C57B41BE8C17E003A3CF2 /* Debug */ = {
			isa = XCBuildConfiguration;
			buildSettings = {
				ASSETCATALOG_COMPILER_APPICON_NAME = AppIcon;
				CODE_SIGN_IDENTITY = "iPhone Developer";
				INFOPLIST_FILE = ADPPhotoPicker/Info.plist;
				LD_RUNPATH_SEARCH_PATHS = "$(inherited) @executable_path/Frameworks";
				PRODUCT_BUNDLE_IDENTIFIER = com.appus.ru.ADPPhotoPicker;
				PRODUCT_NAME = "$(TARGET_NAME)";
				PROVISIONING_PROFILE = "";
			};
			name = Debug;
		};
		C10C57B51BE8C17E003A3CF2 /* Release */ = {
			isa = XCBuildConfiguration;
			buildSettings = {
				ASSETCATALOG_COMPILER_APPICON_NAME = AppIcon;
				CODE_SIGN_IDENTITY = "iPhone Distribution";
				INFOPLIST_FILE = ADPPhotoPicker/Info.plist;
				LD_RUNPATH_SEARCH_PATHS = "$(inherited) @executable_path/Frameworks";
				PRODUCT_BUNDLE_IDENTIFIER = com.appus.ru.ADPPhotoPicker;
				PRODUCT_NAME = "$(TARGET_NAME)";
				PROVISIONING_PROFILE = "";
			};
			name = Release;
		};
		C10C57B71BE8C17E003A3CF2 /* Debug */ = {
			isa = XCBuildConfiguration;
			buildSettings = {
				BUNDLE_LOADER = "$(TEST_HOST)";
				INFOPLIST_FILE = ADPPhotoPickerTests/Info.plist;
				LD_RUNPATH_SEARCH_PATHS = "$(inherited) @executable_path/Frameworks @loader_path/Frameworks";
				PRODUCT_BUNDLE_IDENTIFIER = com.appus.ru.ADPPhotoPickerTests;
				PRODUCT_NAME = "$(TARGET_NAME)";
				TEST_HOST = "$(BUILT_PRODUCTS_DIR)/ADPPhotoPicker.app/ADPPhotoPicker";
			};
			name = Debug;
		};
		C10C57B81BE8C17E003A3CF2 /* Release */ = {
			isa = XCBuildConfiguration;
			buildSettings = {
				BUNDLE_LOADER = "$(TEST_HOST)";
				INFOPLIST_FILE = ADPPhotoPickerTests/Info.plist;
				LD_RUNPATH_SEARCH_PATHS = "$(inherited) @executable_path/Frameworks @loader_path/Frameworks";
				PRODUCT_BUNDLE_IDENTIFIER = com.appus.ru.ADPPhotoPickerTests;
				PRODUCT_NAME = "$(TARGET_NAME)";
				TEST_HOST = "$(BUILT_PRODUCTS_DIR)/ADPPhotoPicker.app/ADPPhotoPicker";
			};
			name = Release;
		};
		C10C57BA1BE8C17E003A3CF2 /* Debug */ = {
			isa = XCBuildConfiguration;
			buildSettings = {
				INFOPLIST_FILE = ADPPhotoPickerUITests/Info.plist;
				LD_RUNPATH_SEARCH_PATHS = "$(inherited) @executable_path/Frameworks @loader_path/Frameworks";
				PRODUCT_BUNDLE_IDENTIFIER = com.appus.ru.ADPPhotoPickerUITests;
				PRODUCT_NAME = "$(TARGET_NAME)";
				TEST_TARGET_NAME = ADPPhotoPicker;
				USES_XCTRUNNER = YES;
			};
			name = Debug;
		};
		C10C57BB1BE8C17E003A3CF2 /* Release */ = {
			isa = XCBuildConfiguration;
			buildSettings = {
				INFOPLIST_FILE = ADPPhotoPickerUITests/Info.plist;
				LD_RUNPATH_SEARCH_PATHS = "$(inherited) @executable_path/Frameworks @loader_path/Frameworks";
				PRODUCT_BUNDLE_IDENTIFIER = com.appus.ru.ADPPhotoPickerUITests;
				PRODUCT_NAME = "$(TARGET_NAME)";
				TEST_TARGET_NAME = ADPPhotoPicker;
				USES_XCTRUNNER = YES;
			};
			name = Release;
		};
/* End XCBuildConfiguration section */

/* Begin XCConfigurationList section */
		C10C57861BE8C17E003A3CF2 /* Build configuration list for PBXProject "ADPPhotoPicker" */ = {
			isa = XCConfigurationList;
			buildConfigurations = (
				C10C57B11BE8C17E003A3CF2 /* Debug */,
				C10C57B21BE8C17E003A3CF2 /* Release */,
			);
			defaultConfigurationIsVisible = 0;
			defaultConfigurationName = Release;
		};
		C10C57B31BE8C17E003A3CF2 /* Build configuration list for PBXNativeTarget "ADPPhotoPicker" */ = {
			isa = XCConfigurationList;
			buildConfigurations = (
				C10C57B41BE8C17E003A3CF2 /* Debug */,
				C10C57B51BE8C17E003A3CF2 /* Release */,
			);
			defaultConfigurationIsVisible = 0;
			defaultConfigurationName = Release;
		};
		C10C57B61BE8C17E003A3CF2 /* Build configuration list for PBXNativeTarget "ADPPhotoPickerTests" */ = {
			isa = XCConfigurationList;
			buildConfigurations = (
				C10C57B71BE8C17E003A3CF2 /* Debug */,
				C10C57B81BE8C17E003A3CF2 /* Release */,
			);
			defaultConfigurationIsVisible = 0;
			defaultConfigurationName = Release;
		};
		C10C57B91BE8C17E003A3CF2 /* Build configuration list for PBXNativeTarget "ADPPhotoPickerUITests" */ = {
			isa = XCConfigurationList;
			buildConfigurations = (
				C10C57BA1BE8C17E003A3CF2 /* Debug */,
				C10C57BB1BE8C17E003A3CF2 /* Release */,
			);
			defaultConfigurationIsVisible = 0;
			defaultConfigurationName = Release;
		};
/* End XCConfigurationList section */
	};
	rootObject = C10C57831BE8C17E003A3CF2 /* Project object */;
}
